
Microsoft Visual Studio Solution File, Format Version 12.00
# Visual Studio 15
VisualStudioVersion = 15.0.26430.6
MinimumVisualStudioVersion = 10.0.40219.1
Project("{FAE04EC0-301F-11D3-BF4B-00C04F79EFBC}") = "Figaro.Viewer", "Figaro.Viewer.csproj", "{F76E6D25-AD82-4926-A5FA-0B1F8EC20F36}"
EndProject
Global
	GlobalSection(SolutionConfigurationPlatforms) = preSolution
		Debug|x64 = Debug|x64
		Release|x64 = Release|x64
	EndGlobalSection
	GlobalSection(ProjectConfigurationPlatforms) = postSolution
		{F76E6D25-AD82-4926-A5FA-0B1F8EC20F36}.Debug|x64.ActiveCfg = Debug|x64
		{F76E6D25-AD82-4926-A5FA-0B1F8EC20F36}.Debug|x64.Build.0 = Debug|x64
		{F76E6D25-AD82-4926-A5FA-0B1F8EC20F36}.Release|x64.ActiveCfg = Release|x64
		{F76E6D25-AD82-4926-A5FA-0B1F8EC20F36}.Release|x64.Build.0 = Release|x64
	EndGlobalSection
	GlobalSection(SolutionProperties) = preSolution
		HideSolutionNode = FALSE
	EndGlobalSection
EndGlobal
